
Microsoft Visual Studio Solution File, Format Version 12.00
# Visual Studio Version 17
VisualStudioVersion = 17.8.34511.84
MinimumVisualStudioVersion = 10.0.40219.1
Project("{FAE04EC0-301F-11D3-BF4B-00C04F79EFBC}") = "WcfServiceLibrary1", "WcfServiceLibrary1\WcfServiceLibrary1.csproj", "{4B4121CD-AD94-4526-8A5E-6F8CBB730320}"
EndProject
Project("{9A19103F-16F7-4668-BE54-9A1E7A4F7556}") = "Kt1", "Kt1\Kt1.csproj", "{CCF6B78B-6FCC-4F30-9D88-6994E0A89216}"
EndProject
Project("{FAE04EC0-301F-11D3-BF4B-00C04F79EFBC}") = "WpfApp1", "WpfApp1\WpfApp1.csproj", "{6BC833C2-B1E3-4D93-B3AB-3A3A75237B61}"
EndProject
Project("{FAE04EC0-301F-11D3-BF4B-00C04F79EFBC}") = "ConsoleApp1", "ConsoleApp1\ConsoleApp1.csproj", "{B3172D33-99FF-4E74-A118-C0E00B239EEF}"
EndProject
Global
	GlobalSection(SolutionConfigurationPlatforms) = preSolution
		Debug|Any CPU = Debug|Any CPU
		Release|Any CPU = Release|Any CPU
	EndGlobalSection
	GlobalSection(ProjectConfigurationPlatforms) = postSolution
		{4B4121CD-AD94-4526-8A5E-6F8CBB730320}.Debug|Any CPU.ActiveCfg = Debug|Any CPU
		{4B4121CD-AD94-4526-8A5E-6F8CBB730320}.Debug|Any CPU.Build.0 = Debug|Any CPU
		{4B4121CD-AD94-4526-8A5E-6F8CBB730320}.Release|Any CPU.ActiveCfg = Release|Any CPU
		{4B4121CD-AD94-4526-8A5E-6F8CBB730320}.Release|Any CPU.Build.0 = Release|Any CPU
		{CCF6B78B-6FCC-4F30-9D88-6994E0A89216}.Debug|Any CPU.ActiveCfg = Debug|Any CPU
		{CCF6B78B-6FCC-4F30-9D88-6994E0A89216}.Debug|Any CPU.Build.0 = Debug|Any CPU
		{CCF6B78B-6FCC-4F30-9D88-6994E0A89216}.Release|Any CPU.ActiveCfg = Release|Any CPU
		{CCF6B78B-6FCC-4F30-9D88-6994E0A89216}.Release|Any CPU.Build.0 = Release|Any CPU
		{6BC833C2-B1E3-4D93-B3AB-3A3A75237B61}.Debug|Any CPU.ActiveCfg = Debug|Any CPU
		{6BC833C2-B1E3-4D93-B3AB-3A3A75237B61}.Debug|Any CPU.Build.0 = Debug|Any CPU
		{6BC833C2-B1E3-4D93-B3AB-3A3A75237B61}.Release|Any CPU.ActiveCfg = Release|Any CPU
		{6BC833C2-B1E3-4D93-B3AB-3A3A75237B61}.Release|Any CPU.Build.0 = Release|Any CPU
		{B3172D33-99FF-4E74-A118-C0E00B239EEF}.Debug|Any CPU.ActiveCfg = Debug|Any CPU
		{B3172D33-99FF-4E74-A118-C0E00B239EEF}.Debug|Any CPU.Build.0 = Debug|Any CPU
		{B3172D33-99FF-4E74-A118-C0E00B239EEF}.Release|Any CPU.ActiveCfg = Release|Any CPU
		{B3172D33-99FF-4E74-A118-C0E00B239EEF}.Release|Any CPU.Build.0 = Release|Any CPU
	EndGlobalSection
	GlobalSection(SolutionProperties) = preSolution
		HideSolutionNode = FALSE
	EndGlobalSection
	GlobalSection(ExtensibilityGlobals) = postSolution
		SolutionGuid = {3083E369-C25D-466A-8D73-4BA38DACF2E0}
	EndGlobalSection
EndGlobal
